
Microsoft Visual Studio Solution File, Format Version 12.00
# Visual Studio Version 16
VisualStudioVersion = 16.0.30621.155
MinimumVisualStudioVersion = 10.0.40219.1
Project("{FAE04EC0-301F-11D3-BF4B-00C04F79EFBC}") = "mangkoclass", "mangkoclass\mangkoclass.csproj", "{0E3F8821-EFA4-463D-A8F9-A025C4542EA4}"
EndProject
Global
	GlobalSection(SolutionConfigurationPlatforms) = preSolution
		Debug|Any CPU = Debug|Any CPU
		Release|Any CPU = Release|Any CPU
	EndGlobalSection
	GlobalSection(ProjectConfigurationPlatforms) = postSolution
		{0E3F8821-EFA4-463D-A8F9-A025C4542EA4}.Debug|Any CPU.ActiveCfg = Debug|Any CPU
		{0E3F8821-EFA4-463D-A8F9-A025C4542EA4}.Debug|Any CPU.Build.0 = Debug|Any CPU
		{0E3F8821-EFA4-463D-A8F9-A025C4542EA4}.Release|Any CPU.ActiveCfg = Release|Any CPU
		{0E3F8821-EFA4-463D-A8F9-A025C4542EA4}.Release|Any CPU.Build.0 = Release|Any CPU
	EndGlobalSection
	GlobalSection(SolutionProperties) = preSolution
		HideSolutionNode = FALSE
	EndGlobalSection
	GlobalSection(ExtensibilityGlobals) = postSolution
		SolutionGuid = {2900CE10-9645-4AAF-81F1-64DE1D46C410}
	EndGlobalSection
EndGlobal
